
Microsoft Visual Studio Solution File, Format Version 12.00
# Visual Studio Version 17
VisualStudioVersion = 17.5.33424.131
MinimumVisualStudioVersion = 10.0.40219.1
Project("{9A19103F-16F7-4668-BE54-9A1E7A4F7556}") = "1000", "1000\1000.csproj", "{F98EB5BE-EB33-4969-9AA8-08DD32648751}"
EndProject
Project("{9A19103F-16F7-4668-BE54-9A1E7A4F7556}") = "1001", "1001\1001.csproj", "{FEEA882C-C050-43C3-9041-902F4F93C5E3}"
EndProject
Project("{9A19103F-16F7-4668-BE54-9A1E7A4F7556}") = "1002", "1002\1002.csproj", "{7361C896-F86E-4330-B671-FEF72489BDC2}"
EndProject
Project("{9A19103F-16F7-4668-BE54-9A1E7A4F7556}") = "1003", "1003\1003.csproj", "{7F86EF2A-35D2-48B5-A1F1-8E91B3A8D588}"
EndProject
Project("{9A19103F-16F7-4668-BE54-9A1E7A4F7556}") = "1004", "1004\1004.csproj", "{38881534-5E45-4C08-B808-5BC382BF4DE3}"
EndProject
Project("{9A19103F-16F7-4668-BE54-9A1E7A4F7556}") = "1005", "1005\1005.csproj", "{998F8F2F-7B31-4F5A-89E6-70440B462936}"
EndProject
Project("{9A19103F-16F7-4668-BE54-9A1E7A4F7556}") = "1006", "1006\1006.csproj", "{EC24F364-8984-451E-A8B0-543978AB8A00}"
EndProject
Project("{9A19103F-16F7-4668-BE54-9A1E7A4F7556}") = "1007", "1007\1007.csproj", "{4F6A735C-EC7A-4E55-99E5-670C4990BEF7}"
EndProject
Project("{9A19103F-16F7-4668-BE54-9A1E7A4F7556}") = "1008", "1008\1008.csproj", "{2CC9707F-BAEE-418B-AB10-1BD200A0C846}"
EndProject
Project("{9A19103F-16F7-4668-BE54-9A1E7A4F7556}") = "1009", "1009\1009.csproj", "{5C3B6529-F8C2-4FFB-BE5E-FBC4C2F0E042}"
EndProject
Project("{9A19103F-16F7-4668-BE54-9A1E7A4F7556}") = "1010", "1010\1010.csproj", "{8136A4F4-E587-4806-B982-E473A73B5CBD}"
EndProject
Project("{9A19103F-16F7-4668-BE54-9A1E7A4F7556}") = "1011", "1011\1011.csproj", "{C5AB5145-9230-4406-B707-05EBDE2A2296}"
EndProject
Project("{9A19103F-16F7-4668-BE54-9A1E7A4F7556}") = "1012", "1012\1012.csproj", "{D7BD1519-0B88-45B7-B9DD-33829CA8A853}"
EndProject
Project("{FAE04EC0-301F-11D3-BF4B-00C04F79EFBC}") = "1013", "1013\1013.csproj", "{E46982CF-A6CE-4162-89CF-2051BE7C0D87}"
EndProject
Project("{FAE04EC0-301F-11D3-BF4B-00C04F79EFBC}") = "1014", "1014\1014.csproj", "{897D2C5F-0D48-44AC-AE62-EBC9DAEBD7C2}"
EndProject
Global
	GlobalSection(SolutionConfigurationPlatforms) = preSolution
		Debug|Any CPU = Debug|Any CPU
		Release|Any CPU = Release|Any CPU
	EndGlobalSection
	GlobalSection(ProjectConfigurationPlatforms) = postSolution
		{F98EB5BE-EB33-4969-9AA8-08DD32648751}.Debug|Any CPU.ActiveCfg = Debug|Any CPU
		{F98EB5BE-EB33-4969-9AA8-08DD32648751}.Debug|Any CPU.Build.0 = Debug|Any CPU
		{F98EB5BE-EB33-4969-9AA8-08DD32648751}.Release|Any CPU.ActiveCfg = Release|Any CPU
		{F98EB5BE-EB33-4969-9AA8-08DD32648751}.Release|Any CPU.Build.0 = Release|Any CPU
		{FEEA882C-C050-43C3-9041-902F4F93C5E3}.Debug|Any CPU.ActiveCfg = Debug|Any CPU
		{FEEA882C-C050-43C3-9041-902F4F93C5E3}.Debug|Any CPU.Build.0 = Debug|Any CPU
		{FEEA882C-C050-43C3-9041-902F4F93C5E3}.Release|Any CPU.ActiveCfg = Release|Any CPU
		{FEEA882C-C050-43C3-9041-902F4F93C5E3}.Release|Any CPU.Build.0 = Release|Any CPU
		{7361C896-F86E-4330-B671-FEF72489BDC2}.Debug|Any CPU.ActiveCfg = Debug|Any CPU
		{7361C896-F86E-4330-B671-FEF72489BDC2}.Debug|Any CPU.Build.0 = Debug|Any CPU
		{7361C896-F86E-4330-B671-FEF72489BDC2}.Release|Any CPU.ActiveCfg = Release|Any CPU
		{7361C896-F86E-4330-B671-FEF72489BDC2}.Release|Any CPU.Build.0 = Release|Any CPU
		{7F86EF2A-35D2-48B5-A1F1-8E91B3A8D588}.Debug|Any CPU.ActiveCfg = Debug|Any CPU
		{7F86EF2A-35D2-48B5-A1F1-8E91B3A8D588}.Debug|Any CPU.Build.0 = Debug|Any CPU
		{7F86EF2A-35D2-48B5-A1F1-8E91B3A8D588}.Release|Any CPU.ActiveCfg = Release|Any CPU
		{7F86EF2A-35D2-48B5-A1F1-8E91B3A8D588}.Release|Any CPU.Build.0 = Release|Any CPU
		{38881534-5E45-4C08-B808-5BC382BF4DE3}.Debug|Any CPU.ActiveCfg = Debug|Any CPU
		{38881534-5E45-4C08-B808-5BC382BF4DE3}.Debug|Any CPU.Build.0 = Debug|Any CPU
		{38881534-5E45-4C08-B808-5BC382BF4DE3}.Release|Any CPU.ActiveCfg = Release|Any CPU
		{38881534-5E45-4C08-B808-5BC382BF4DE3}.Release|Any CPU.Build.0 = Release|Any CPU
		{998F8F2F-7B31-4F5A-89E6-70440B462936}.Debug|Any CPU.ActiveCfg = Debug|Any CPU
		{998F8F2F-7B31-4F5A-89E6-70440B462936}.Debug|Any CPU.Build.0 = Debug|Any CPU
		{998F8F2F-7B31-4F5A-89E6-70440B462936}.Release|Any CPU.ActiveCfg = Release|Any CPU
		{998F8F2F-7B31-4F5A-89E6-70440B462936}.Release|Any CPU.Build.0 = Release|Any CPU
		{EC24F364-8984-451E-A8B0-543978AB8A00}.Debug|Any CPU.ActiveCfg = Debug|Any CPU
		{EC24F364-8984-451E-A8B0-543978AB8A00}.Debug|Any CPU.Build.0 = Debug|Any CPU
		{EC24F364-8984-451E-A8B0-543978AB8A00}.Release|Any CPU.ActiveCfg = Release|Any CPU
		{EC24F364-8984-451E-A8B0-543978AB8A00}.Release|Any CPU.Build.0 = Release|Any CPU
		{4F6A735C-EC7A-4E55-99E5-670C4990BEF7}.Debug|Any CPU.ActiveCfg = Debug|Any CPU
		{4F6A735C-EC7A-4E55-99E5-670C4990BEF7}.Debug|Any CPU.Build.0 = Debug|Any CPU
		{4F6A735C-EC7A-4E55-99E5-670C4990BEF7}.Release|Any CPU.ActiveCfg = Release|Any CPU
		{4F6A735C-EC7A-4E55-99E5-670C4990BEF7}.Release|Any CPU.Build.0 = Release|Any CPU
		{2CC9707F-BAEE-418B-AB10-1BD200A0C846}.Debug|Any CPU.ActiveCfg = Debug|Any CPU
		{2CC9707F-BAEE-418B-AB10-1BD200A0C846}.Debug|Any CPU.Build.0 = Debug|Any CPU
		{2CC9707F-BAEE-418B-AB10-1BD200A0C846}.Release|Any CPU.ActiveCfg = Release|Any CPU
		{2CC9707F-BAEE-418B-AB10-1BD200A0C846}.Release|Any CPU.Build.0 = Release|Any CPU
		{5C3B6529-F8C2-4FFB-BE5E-FBC4C2F0E042}.Debug|Any CPU.ActiveCfg = Debug|Any CPU
		{5C3B6529-F8C2-4FFB-BE5E-FBC4C2F0E042}.Debug|Any CPU.Build.0 = Debug|Any CPU
		{5C3B6529-F8C2-4FFB-BE5E-FBC4C2F0E042}.Release|Any CPU.ActiveCfg = Release|Any CPU
		{5C3B6529-F8C2-4FFB-BE5E-FBC4C2F0E042}.Release|Any CPU.Build.0 = Release|Any CPU
		{8136A4F4-E587-4806-B982-E473A73B5CBD}.Debug|Any CPU.ActiveCfg = Debug|Any CPU
		{8136A4F4-E587-4806-B982-E473A73B5CBD}.Debug|Any CPU.Build.0 = Debug|Any CPU
		{8136A4F4-E587-4806-B982-E473A73B5CBD}.Release|Any CPU.ActiveCfg = Release|Any CPU
		{8136A4F4-E587-4806-B982-E473A73B5CBD}.Release|Any CPU.Build.0 = Release|Any CPU
		{C5AB5145-9230-4406-B707-05EBDE2A2296}.Debug|Any CPU.ActiveCfg = Debug|Any CPU
		{C5AB5145-9230-4406-B707-05EBDE2A2296}.Debug|Any CPU.Build.0 = Debug|Any CPU
		{C5AB5145-9230-4406-B707-05EBDE2A2296}.Release|Any CPU.ActiveCfg = Release|Any CPU
		{C5AB5145-9230-4406-B707-05EBDE2A2296}.Release|Any CPU.Build.0 = Release|Any CPU
		{D7BD1519-0B88-45B7-B9DD-33829CA8A853}.Debug|Any CPU.ActiveCfg = Debug|Any CPU
		{D7BD1519-0B88-45B7-B9DD-33829CA8A853}.Debug|Any CPU.Build.0 = Debug|Any CPU
		{D7BD1519-0B88-45B7-B9DD-33829CA8A853}.Release|Any CPU.ActiveCfg = Release|Any CPU
		{D7BD1519-0B88-45B7-B9DD-33829CA8A853}.Release|Any CPU.Build.0 = Release|Any CPU
		{E46982CF-A6CE-4162-89CF-2051BE7C0D87}.Debug|Any CPU.ActiveCfg = Debug|Any CPU
		{E46982CF-A6CE-4162-89CF-2051BE7C0D87}.Debug|Any CPU.Build.0 = Debug|Any CPU
		{E46982CF-A6CE-4162-89CF-2051BE7C0D87}.Release|Any CPU.ActiveCfg = Release|Any CPU
		{E46982CF-A6CE-4162-89CF-2051BE7C0D87}.Release|Any CPU.Build.0 = Release|Any CPU
		{897D2C5F-0D48-44AC-AE62-EBC9DAEBD7C2}.Debug|Any CPU.ActiveCfg = Debug|Any CPU
		{897D2C5F-0D48-44AC-AE62-EBC9DAEBD7C2}.Debug|Any CPU.Build.0 = Debug|Any CPU
		{897D2C5F-0D48-44AC-AE62-EBC9DAEBD7C2}.Release|Any CPU.ActiveCfg = Release|Any CPU
		{897D2C5F-0D48-44AC-AE62-EBC9DAEBD7C2}.Release|Any CPU.Build.0 = Release|Any CPU
	EndGlobalSection
	GlobalSection(SolutionProperties) = preSolution
		HideSolutionNode = FALSE
	EndGlobalSection
	GlobalSection(ExtensibilityGlobals) = postSolution
		SolutionGuid = {B365538B-AB4E-411B-8AC5-7E83B55C82C8}
	EndGlobalSection
EndGlobal
